
Microsoft Visual Studio Solution File, Format Version 12.00
# Visual Studio 15
VisualStudioVersion = 15.0.27428.2027
MinimumVisualStudioVersion = 10.0.40219.1
Project("{FAE04EC0-301F-11D3-BF4B-00C04F79EFBC}") = "IoT.GrainInterfaces", "IoT.GrainInterfaces\IoT.GrainInterfaces.csproj", "{D7F2E8A1-C856-4B83-810C-5604DBBDFDA1}"
EndProject
Project("{FAE04EC0-301F-11D3-BF4B-00C04F79EFBC}") = "IoT.GrainClasses", "IoT.GrainClasses\IoT.GrainClasses.csproj", "{0E768318-2E43-4705-86C5-7A840D738AD5}"
EndProject
Project("{FAE04EC0-301F-11D3-BF4B-00C04F79EFBC}") = "IoT.TestSilo", "IoT.TestSilo\IoT.TestSilo.csproj", "{04A5C184-300D-4F2E-8FA3-826E42FF53CD}"
EndProject
Global
	GlobalSection(SolutionConfigurationPlatforms) = preSolution
		Debug|Any CPU = Debug|Any CPU
		Release|Any CPU = Release|Any CPU
	EndGlobalSection
	GlobalSection(ProjectConfigurationPlatforms) = postSolution
		{D7F2E8A1-C856-4B83-810C-5604DBBDFDA1}.Debug|Any CPU.ActiveCfg = Debug|Any CPU
		{D7F2E8A1-C856-4B83-810C-5604DBBDFDA1}.Debug|Any CPU.Build.0 = Debug|Any CPU
		{D7F2E8A1-C856-4B83-810C-5604DBBDFDA1}.Release|Any CPU.ActiveCfg = Release|Any CPU
		{D7F2E8A1-C856-4B83-810C-5604DBBDFDA1}.Release|Any CPU.Build.0 = Release|Any CPU
		{0E768318-2E43-4705-86C5-7A840D738AD5}.Debug|Any CPU.ActiveCfg = Debug|Any CPU
		{0E768318-2E43-4705-86C5-7A840D738AD5}.Debug|Any CPU.Build.0 = Debug|Any CPU
		{0E768318-2E43-4705-86C5-7A840D738AD5}.Release|Any CPU.ActiveCfg = Release|Any CPU
		{0E768318-2E43-4705-86C5-7A840D738AD5}.Release|Any CPU.Build.0 = Release|Any CPU
		{04A5C184-300D-4F2E-8FA3-826E42FF53CD}.Debug|Any CPU.ActiveCfg = Debug|Any CPU
		{04A5C184-300D-4F2E-8FA3-826E42FF53CD}.Debug|Any CPU.Build.0 = Debug|Any CPU
		{04A5C184-300D-4F2E-8FA3-826E42FF53CD}.Release|Any CPU.ActiveCfg = Release|Any CPU
		{04A5C184-300D-4F2E-8FA3-826E42FF53CD}.Release|Any CPU.Build.0 = Release|Any CPU
	EndGlobalSection
	GlobalSection(SolutionProperties) = preSolution
		HideSolutionNode = FALSE
	EndGlobalSection
	GlobalSection(ExtensibilityGlobals) = postSolution
		SolutionGuid = {00347D8C-CB39-4771-A5CA-25EDABDB8ED0}
	EndGlobalSection
EndGlobal
